// !$*UTF8*$!
{
	archiveVersion = 1;
	classes = {
	};
	objectVersion = 46;
	objects = {

/* Begin PBXBuildFile section */
		0B0277721FC6DBD800832DC1 /* wanwan素材13.png in Resources */ = {isa = PBXBuildFile; fileRef = 0B0277711FC6DBD800832DC1 /* wanwan素材13.png */; };
		0B0EE17E200772680077AF82 /* CalendarViewController.swift in Sources */ = {isa = PBXBuildFile; fileRef = 0B0EE17D200772680077AF82 /* CalendarViewController.swift */; };
		0B0EE180200774C90077AF82 /* wanwan素材14.PNG in Resources */ = {isa = PBXBuildFile; fileRef = 0B0EE17F200774C90077AF82 /* wanwan素材14.PNG */; };
		0B0EE182200778340077AF82 /* wanwan素材15.png in Resources */ = {isa = PBXBuildFile; fileRef = 0B0EE181200778330077AF82 /* wanwan素材15.png */; };
		0B414C9D1F58144900A12B28 /* AppDelegate.swift in Sources */ = {isa = PBXBuildFile; fileRef = 0B414C9C1F58144900A12B28 /* AppDelegate.swift */; };
		0B414CA21F58144900A12B28 /* Main.storyboard in Resources */ = {isa = PBXBuildFile; fileRef = 0B414CA01F58144900A12B28 /* Main.storyboard */; };
		0B414CA41F58144900A12B28 /* Assets.xcassets in Resources */ = {isa = PBXBuildFile; fileRef = 0B414CA31F58144900A12B28 /* Assets.xcassets */; };
		0B414CA71F58144900A12B28 /* LaunchScreen.storyboard in Resources */ = {isa = PBXBuildFile; fileRef = 0B414CA51F58144900A12B28 /* LaunchScreen.storyboard */; };
		0B5252061F98B73D0075F975 /* wanwanm素材1.png in Resources */ = {isa = PBXBuildFile; fileRef = 0B5252031F98B73D0075F975 /* wanwanm素材1.png */; };
		0B5252081F98B73D0075F975 /* wanwan素材2.png in Resources */ = {isa = PBXBuildFile; fileRef = 0B5252051F98B73D0075F975 /* wanwan素材2.png */; };
		0B52520C1F98BF210075F975 /* wanwan素材4.png in Resources */ = {isa = PBXBuildFile; fileRef = 0B52520B1F98BF210075F975 /* wanwan素材4.png */; };
		0B52520E1F9B7EC10075F975 /* wanwan素材5.png in Resources */ = {isa = PBXBuildFile; fileRef = 0B52520D1F9B7EC10075F975 /* wanwan素材5.png */; };
		0B5252101F9B83430075F975 /* wanwan素材6.png in Resources */ = {isa = PBXBuildFile; fileRef = 0B52520F1F9B83430075F975 /* wanwan素材6.png */; };
		0B5252121F9B834E0075F975 /* wanwan素材7.png in Resources */ = {isa = PBXBuildFile; fileRef = 0B5252111F9B834E0075F975 /* wanwan素材7.png */; };
		0B91969B2127DFA100C6F665 /* PostViewController.swift in Sources */ = {isa = PBXBuildFile; fileRef = 0B91969A2127DFA100C6F665 /* PostViewController.swift */; };
		0BB1539F1FA1EB15009F90F3 /* GraphViewController.swift in Sources */ = {isa = PBXBuildFile; fileRef = 0BB1539E1FA1EB15009F90F3 /* GraphViewController.swift */; };
		0BB153A41FA1F5D1009F90F3 /* chiko3.jpg in Resources */ = {isa = PBXBuildFile; fileRef = 0BB153A01FA1F5D0009F90F3 /* chiko3.jpg */; };
		0BB153A51FA1F5D1009F90F3 /* chiko1.jpg in Resources */ = {isa = PBXBuildFile; fileRef = 0BB153A11FA1F5D0009F90F3 /* chiko1.jpg */; };
		0BB153A61FA1F5D1009F90F3 /* chiko2.jpg in Resources */ = {isa = PBXBuildFile; fileRef = 0BB153A21FA1F5D0009F90F3 /* chiko2.jpg */; };
		0BB153A71FA1F5D1009F90F3 /* chiko4.png in Resources */ = {isa = PBXBuildFile; fileRef = 0BB153A31FA1F5D0009F90F3 /* chiko4.png */; };
		0BB153A91FA1F6E0009F90F3 /* DesignClass.swift in Sources */ = {isa = PBXBuildFile; fileRef = 0BB153A81FA1F6E0009F90F3 /* DesignClass.swift */; };
		0BCA32342130ED2900C08E39 /* RegistrationViewController.swift in Sources */ = {isa = PBXBuildFile; fileRef = 0BCA32332130ED2900C08E39 /* RegistrationViewController.swift */; };
		0BCF4BEF21293F2300FF8AD6 /* ScheduleViewController.swift in Sources */ = {isa = PBXBuildFile; fileRef = 0BCF4BEE21293F2300FF8AD6 /* ScheduleViewController.swift */; };
		0BD8FE6D212FE73E00D2E813 /* DogListViewController.swift in Sources */ = {isa = PBXBuildFile; fileRef = 0BD8FE6C212FE73E00D2E813 /* DogListViewController.swift */; };
		7417348D8E32A1A9AC050E01 /* Pods_wanwan.framework in Frameworks */ = {isa = PBXBuildFile; fileRef = 88DCE6151D4B15B73E04DC04 /* Pods_wanwan.framework */; };
/* End PBXBuildFile section */

/* Begin PBXFileReference section */
		0B0277711FC6DBD800832DC1 /* wanwan素材13.png */ = {isa = PBXFileReference; lastKnownFileType = image.png; path = "wanwan素材13.png"; sourceTree = "<group>"; };
		0B0EE17D200772680077AF82 /* CalendarViewController.swift */ = {isa = PBXFileReference; lastKnownFileType = sourcecode.swift; path = CalendarViewController.swift; sourceTree = "<group>"; };
		0B0EE17F200774C90077AF82 /* wanwan素材14.PNG */ = {isa = PBXFileReference; lastKnownFileType = image.png; name = "wanwan素材14.PNG"; path = "wanwan/素材/wanwan素材14.PNG"; sourceTree = SOURCE_ROOT; };
		0B0EE181200778330077AF82 /* wanwan素材15.png */ = {isa = PBXFileReference; lastKnownFileType = image.png; path = "wanwan素材15.png"; sourceTree = "<group>"; };
		0B414C991F58144900A12B28 /* wanwan.app */ = {isa = PBXFileReference; explicitFileType = wrapper.application; includeInIndex = 0; path = wanwan.app; sourceTree = BUILT_PRODUCTS_DIR; };
		0B414C9C1F58144900A12B28 /* AppDelegate.swift */ = {isa = PBXFileReference; lastKnownFileType = sourcecode.swift; path = AppDelegate.swift; sourceTree = "<group>"; };
		0B414CA11F58144900A12B28 /* Base */ = {isa = PBXFileReference; lastKnownFileType = file.storyboard; name = Base; path = Base.lproj/Main.storyboard; sourceTree = "<group>"; };
		0B414CA31F58144900A12B28 /* Assets.xcassets */ = {isa = PBXFileReference; lastKnownFileType = folder.assetcatalog; path = Assets.xcassets; sourceTree = "<group>"; };
		0B414CA61F58144900A12B28 /* Base */ = {isa = PBXFileReference; lastKnownFileType = file.storyboard; name = Base; path = Base.lproj/LaunchScreen.storyboard; sourceTree = "<group>"; };
		0B414CA81F58144900A12B28 /* Info.plist */ = {isa = PBXFileReference; lastKnownFileType = text.plist.xml; path = Info.plist; sourceTree = "<group>"; };
		0B5252031F98B73D0075F975 /* wanwanm素材1.png */ = {isa = PBXFileReference; lastKnownFileType = image.png; path = "wanwanm素材1.png"; sourceTree = "<group>"; };
		0B5252051F98B73D0075F975 /* wanwan素材2.png */ = {isa = PBXFileReference; lastKnownFileType = image.png; path = "wanwan素材2.png"; sourceTree = "<group>"; };
		0B52520B1F98BF210075F975 /* wanwan素材4.png */ = {isa = PBXFileReference; lastKnownFileType = image.png; path = "wanwan素材4.png"; sourceTree = "<group>"; };
		0B52520D1F9B7EC10075F975 /* wanwan素材5.png */ = {isa = PBXFileReference; lastKnownFileType = image.png; path = "wanwan素材5.png"; sourceTree = "<group>"; };
		0B52520F1F9B83430075F975 /* wanwan素材6.png */ = {isa = PBXFileReference; lastKnownFileType = image.png; path = "wanwan素材6.png"; sourceTree = "<group>"; };
		0B5252111F9B834E0075F975 /* wanwan素材7.png */ = {isa = PBXFileReference; lastKnownFileType = image.png; path = "wanwan素材7.png"; sourceTree = "<group>"; };
		0B91969A2127DFA100C6F665 /* PostViewController.swift */ = {isa = PBXFileReference; lastKnownFileType = sourcecode.swift; path = PostViewController.swift; sourceTree = "<group>"; };
		0BB1539E1FA1EB15009F90F3 /* GraphViewController.swift */ = {isa = PBXFileReference; lastKnownFileType = sourcecode.swift; path = GraphViewController.swift; sourceTree = "<group>"; };
		0BB153A01FA1F5D0009F90F3 /* chiko3.jpg */ = {isa = PBXFileReference; lastKnownFileType = image.jpeg; path = chiko3.jpg; sourceTree = "<group>"; };
		0BB153A11FA1F5D0009F90F3 /* chiko1.jpg */ = {isa = PBXFileReference; lastKnownFileType = image.jpeg; path = chiko1.jpg; sourceTree = "<group>"; };
		0BB153A21FA1F5D0009F90F3 /* chiko2.jpg */ = {isa = PBXFileReference; lastKnownFileType = image.jpeg; path = chiko2.jpg; sourceTree = "<group>"; };
		0BB153A31FA1F5D0009F90F3 /* chiko4.png */ = {isa = PBXFileReference; lastKnownFileType = image.png; path = chiko4.png; sourceTree = "<group>"; };
		0BB153A81FA1F6E0009F90F3 /* DesignClass.swift */ = {isa = PBXFileReference; lastKnownFileType = sourcecode.swift; path = DesignClass.swift; sourceTree = "<group>"; };
		0BCA32332130ED2900C08E39 /* RegistrationViewController.swift */ = {isa = PBXFileReference; lastKnownFileType = sourcecode.swift; path = RegistrationViewController.swift; sourceTree = "<group>"; };
		0BCBAD731FB4666500243511 /* AxisStd-ExtraLight.otf */ = {isa = PBXFileReference; lastKnownFileType = file; path = "AxisStd-ExtraLight.otf"; sourceTree = "<group>"; };
		0BCF4BEB2129133600FF8AD6 /* KodomoRounded-Light.otf */ = {isa = PBXFileReference; lastKnownFileType = file; name = "KodomoRounded-Light.otf"; path = "../../../素材/フォント/KodomoRounded-Light.otf"; sourceTree = "<group>"; };
		0BCF4BEE21293F2300FF8AD6 /* ScheduleViewController.swift */ = {isa = PBXFileReference; lastKnownFileType = sourcecode.swift; path = ScheduleViewController.swift; sourceTree = "<group>"; };
		0BD8FE6C212FE73E00D2E813 /* DogListViewController.swift */ = {isa = PBXFileReference; lastKnownFileType = sourcecode.swift; path = DogListViewController.swift; sourceTree = "<group>"; };
		3A5609F774A9327CE79286EF /* Pods-wanwan.debug.xcconfig */ = {isa = PBXFileReference; includeInIndex = 1; lastKnownFileType = text.xcconfig; name = "Pods-wanwan.debug.xcconfig"; path = "Pods/Target Support Files/Pods-wanwan/Pods-wanwan.debug.xcconfig"; sourceTree = "<group>"; };
		6EA99B02D6683BB9EE1EC144 /* Pods-wanwan.release.xcconfig */ = {isa = PBXFileReference; includeInIndex = 1; lastKnownFileType = text.xcconfig; name = "Pods-wanwan.release.xcconfig"; path = "Pods/Target Support Files/Pods-wanwan/Pods-wanwan.release.xcconfig"; sourceTree = "<group>"; };
		88DCE6151D4B15B73E04DC04 /* Pods_wanwan.framework */ = {isa = PBXFileReference; explicitFileType = wrapper.framework; includeInIndex = 0; path = Pods_wanwan.framework; sourceTree = BUILT_PRODUCTS_DIR; };
/* End PBXFileReference section */

/* Begin PBXFrameworksBuildPhase section */
		0B414C961F58144900A12B28 /* Frameworks */ = {
			isa = PBXFrameworksBuildPhase;
			buildActionMask = 2147483647;
			files = (
				7417348D8E32A1A9AC050E01 /* Pods_wanwan.framework in Frameworks */,
			);
			runOnlyForDeploymentPostprocessing = 0;
		};
/* End PBXFrameworksBuildPhase section */

/* Begin PBXGroup section */
		0B414C901F58144900A12B28 = {
			isa = PBXGroup;
			children = (
				0B414C9B1F58144900A12B28 /* wanwan */,
				0B414C9A1F58144900A12B28 /* Products */,
				5592D13E0EE4A473258A904B /* Pods */,
				C5263DDA59F8B752762A21F9 /* Frameworks */,
			);
			sourceTree = "<group>";
		};
		0B414C9A1F58144900A12B28 /* Products */ = {
			isa = PBXGroup;
			children = (
				0B414C991F58144900A12B28 /* wanwan.app */,
			);
			name = Products;
			sourceTree = "<group>";
		};
		0B414C9B1F58144900A12B28 /* wanwan */ = {
			isa = PBXGroup;
			children = (
				0B414C9C1F58144900A12B28 /* AppDelegate.swift */,
				0BB1539E1FA1EB15009F90F3 /* GraphViewController.swift */,
				0BB153A81FA1F6E0009F90F3 /* DesignClass.swift */,
				0B0EE17D200772680077AF82 /* CalendarViewController.swift */,
				0BCF4BEE21293F2300FF8AD6 /* ScheduleViewController.swift */,
				0BD8FE6C212FE73E00D2E813 /* DogListViewController.swift */,
				0B414CA01F58144900A12B28 /* Main.storyboard */,
				0BCA32332130ED2900C08E39 /* RegistrationViewController.swift */,
				0B91969A2127DFA100C6F665 /* PostViewController.swift */,
				0B414CA31F58144900A12B28 /* Assets.xcassets */,
				0B414CA51F58144900A12B28 /* LaunchScreen.storyboard */,
				0B414CA81F58144900A12B28 /* Info.plist */,
				0BCF4BE8212900C800FF8AD6 /* 素材 */,
			);
			path = wanwan;
			sourceTree = "<group>";
		};
		0BCF4BE8212900C800FF8AD6 /* 素材 */ = {
			isa = PBXGroup;
			children = (
				0BCF4BEB2129133600FF8AD6 /* KodomoRounded-Light.otf */,
				0BCBAD731FB4666500243511 /* AxisStd-ExtraLight.otf */,
				0B0EE181200778330077AF82 /* wanwan素材15.png */,
				0B0EE17F200774C90077AF82 /* wanwan素材14.PNG */,
				0B0277711FC6DBD800832DC1 /* wanwan素材13.png */,
				0B5252111F9B834E0075F975 /* wanwan素材7.png */,
				0B52520F1F9B83430075F975 /* wanwan素材6.png */,
				0B52520D1F9B7EC10075F975 /* wanwan素材5.png */,
				0BB153A31FA1F5D0009F90F3 /* chiko4.png */,
				0B52520B1F98BF210075F975 /* wanwan素材4.png */,
				0BB153A01FA1F5D0009F90F3 /* chiko3.jpg */,
				0BB153A21FA1F5D0009F90F3 /* chiko2.jpg */,
				0BB153A11FA1F5D0009F90F3 /* chiko1.jpg */,
				0B5252051F98B73D0075F975 /* wanwan素材2.png */,
				0B5252031F98B73D0075F975 /* wanwanm素材1.png */,
			);
			path = "素材";
			sourceTree = "<group>";
		};
		5592D13E0EE4A473258A904B /* Pods */ = {
			isa = PBXGroup;
			children = (
				3A5609F774A9327CE79286EF /* Pods-wanwan.debug.xcconfig */,
				6EA99B02D6683BB9EE1EC144 /* Pods-wanwan.release.xcconfig */,
			);
			name = Pods;
			sourceTree = "<group>";
		};
		C5263DDA59F8B752762A21F9 /* Frameworks */ = {
			isa = PBXGroup;
			children = (
				88DCE6151D4B15B73E04DC04 /* Pods_wanwan.framework */,
			);
			name = Frameworks;
			sourceTree = "<group>";
		};
/* End PBXGroup section */

/* Begin PBXNativeTarget section */
		0B414C981F58144900A12B28 /* wanwan */ = {
			isa = PBXNativeTarget;
			buildConfigurationList = 0B414CAB1F58144900A12B28 /* Build configuration list for PBXNativeTarget "wanwan" */;
			buildPhases = (
				35011304AF7B407B1334746E /* [CP] Check Pods Manifest.lock */,
				0B414C951F58144900A12B28 /* Sources */,
				0B414C961F58144900A12B28 /* Frameworks */,
				0B414C971F58144900A12B28 /* Resources */,
				010DB5759BE410A210857C7B /* [CP] Embed Pods Frameworks */,
				EE8A630F421A533150764937 /* [CP] Copy Pods Resources */,
			);
			buildRules = (
			);
			dependencies = (
			);
			name = wanwan;
			productName = wanwan;
			productReference = 0B414C991F58144900A12B28 /* wanwan.app */;
			productType = "com.apple.product-type.application";
		};
/* End PBXNativeTarget section */

/* Begin PBXProject section */
		0B414C911F58144900A12B28 /* Project object */ = {
			isa = PBXProject;
			attributes = {
				LastSwiftUpdateCheck = 0810;
				LastUpgradeCheck = 0830;
				ORGANIZATIONNAME = "山本有紗";
				TargetAttributes = {
					0B414C981F58144900A12B28 = {
						CreatedOnToolsVersion = 8.1;
						DevelopmentTeam = LX2R37J669;
						ProvisioningStyle = Automatic;
					};
				};
			};
			buildConfigurationList = 0B414C941F58144900A12B28 /* Build configuration list for PBXProject "wanwan" */;
			compatibilityVersion = "Xcode 3.2";
			developmentRegion = English;
			hasScannedForEncodings = 0;
			knownRegions = (
				en,
				Base,
			);
			mainGroup = 0B414C901F58144900A12B28;
			productRefGroup = 0B414C9A1F58144900A12B28 /* Products */;
			projectDirPath = "";
			projectRoot = "";
			targets = (
				0B414C981F58144900A12B28 /* wanwan */,
			);
		};
/* End PBXProject section */

/* Begin PBXResourcesBuildPhase section */
		0B414C971F58144900A12B28 /* Resources */ = {
			isa = PBXResourcesBuildPhase;
			buildActionMask = 2147483647;
			files = (
				0B414CA71F58144900A12B28 /* LaunchScreen.storyboard in Resources */,
				0B0277721FC6DBD800832DC1 /* wanwan素材13.png in Resources */,
				0BB153A61FA1F5D1009F90F3 /* chiko2.jpg in Resources */,
				0B52520E1F9B7EC10075F975 /* wanwan素材5.png in Resources */,
				0B5252101F9B83430075F975 /* wanwan素材6.png in Resources */,
				0BB153A51FA1F5D1009F90F3 /* chiko1.jpg in Resources */,
				0B414CA41F58144900A12B28 /* Assets.xcassets in Resources */,
				0BB153A71FA1F5D1009F90F3 /* chiko4.png in Resources */,
				0BB153A41FA1F5D1009F90F3 /* chiko3.jpg in Resources */,
				0B5252121F9B834E0075F975 /* wanwan素材7.png in Resources */,
				0B0EE182200778340077AF82 /* wanwan素材15.png in Resources */,
				0B414CA21F58144900A12B28 /* Main.storyboard in Resources */,
				0B5252081F98B73D0075F975 /* wanwan素材2.png in Resources */,
				0B0EE180200774C90077AF82 /* wanwan素材14.PNG in Resources */,
				0B52520C1F98BF210075F975 /* wanwan素材4.png in Resources */,
				0B5252061F98B73D0075F975 /* wanwanm素材1.png in Resources */,
			);
			runOnlyForDeploymentPostprocessing = 0;
		};
/* End PBXResourcesBuildPhase section */

/* Begin PBXShellScriptBuildPhase section */
		010DB5759BE410A210857C7B /* [CP] Embed Pods Frameworks */ = {
			isa = PBXShellScriptBuildPhase;
			buildActionMask = 2147483647;
			files = (
			);
			inputPaths = (
				"${SRCROOT}/Pods/Target Support Files/Pods-wanwan/Pods-wanwan-frameworks.sh",
				"${BUILT_PRODUCTS_DIR}/FSCalendar/FSCalendar.framework",
				"${BUILT_PRODUCTS_DIR}/ScrollableGraphView/ScrollableGraphView.framework",
			);
			name = "[CP] Embed Pods Frameworks";
			outputPaths = (
				"${TARGET_BUILD_DIR}/${FRAMEWORKS_FOLDER_PATH}/FSCalendar.framework",
				"${TARGET_BUILD_DIR}/${FRAMEWORKS_FOLDER_PATH}/ScrollableGraphView.framework",
			);
			runOnlyForDeploymentPostprocessing = 0;
			shellPath = /bin/sh;
			shellScript = "\"${SRCROOT}/Pods/Target Support Files/Pods-wanwan/Pods-wanwan-frameworks.sh\"\n";
			showEnvVarsInLog = 0;
		};
		35011304AF7B407B1334746E /* [CP] Check Pods Manifest.lock */ = {
			isa = PBXShellScriptBuildPhase;
			buildActionMask = 2147483647;
			files = (
			);
			inputPaths = (
				"${PODS_PODFILE_DIR_PATH}/Podfile.lock",
				"${PODS_ROOT}/Manifest.lock",
			);
			name = "[CP] Check Pods Manifest.lock";
			outputPaths = (
				"$(DERIVED_FILE_DIR)/Pods-wanwan-checkManifestLockResult.txt",
			);
			runOnlyForDeploymentPostprocessing = 0;
			shellPath = /bin/sh;
			shellScript = "diff \"${PODS_PODFILE_DIR_PATH}/Podfile.lock\" \"${PODS_ROOT}/Manifest.lock\" > /dev/null\nif [ $? != 0 ] ; then\n    # print error to STDERR\n    echo \"error: The sandbox is not in sync with the Podfile.lock. Run 'pod install' or update your CocoaPods installation.\" >&2\n    exit 1\nfi\n# This output is used by Xcode 'outputs' to avoid re-running this script phase.\necho \"SUCCESS\" > \"${SCRIPT_OUTPUT_FILE_0}\"\n";
			showEnvVarsInLog = 0;
		};
		EE8A630F421A533150764937 /* [CP] Copy Pods Resources */ = {
			isa = PBXShellScriptBuildPhase;
			buildActionMask = 2147483647;
			files = (
			);
			inputPaths = (
			);
			name = "[CP] Copy Pods Resources";
			outputPaths = (
			);
			runOnlyForDeploymentPostprocessing = 0;
			shellPath = /bin/sh;
			shellScript = "\"${SRCROOT}/Pods/Target Support Files/Pods-wanwan/Pods-wanwan-resources.sh\"\n";
			showEnvVarsInLog = 0;
		};
/* End PBXShellScriptBuildPhase section */

/* Begin PBXSourcesBuildPhase section */
		0B414C951F58144900A12B28 /* Sources */ = {
			isa = PBXSourcesBuildPhase;
			buildActionMask = 2147483647;
			files = (
				0B0EE17E200772680077AF82 /* CalendarViewController.swift in Sources */,
				0BB153A91FA1F6E0009F90F3 /* DesignClass.swift in Sources */,
				0BD8FE6D212FE73E00D2E813 /* DogListViewController.swift in Sources */,
				0BCF4BEF21293F2300FF8AD6 /* ScheduleViewController.swift in Sources */,
				0BB1539F1FA1EB15009F90F3 /* GraphViewController.swift in Sources */,
				0BCA32342130ED2900C08E39 /* RegistrationViewController.swift in Sources */,
				0B91969B2127DFA100C6F665 /* PostViewController.swift in Sources */,
				0B414C9D1F58144900A12B28 /* AppDelegate.swift in Sources */,
			);
			runOnlyForDeploymentPostprocessing = 0;
		};
/* End PBXSourcesBuildPhase section */

/* Begin PBXVariantGroup section */
		0B414CA01F58144900A12B28 /* Main.storyboard */ = {
			isa = PBXVariantGroup;
			children = (
				0B414CA11F58144900A12B28 /* Base */,
			);
			name = Main.storyboard;
			sourceTree = "<group>";
		};
		0B414CA51F58144900A12B28 /* LaunchScreen.storyboard */ = {
			isa = PBXVariantGroup;
			children = (
				0B414CA61F58144900A12B28 /* Base */,
			);
			name = LaunchScreen.storyboard;
			sourceTree = "<group>";
		};
/* End PBXVariantGroup section */

/* Begin XCBuildConfiguration section */
		0B414CA91F58144900A12B28 /* Debug */ = {
			isa = XCBuildConfiguration;
			buildSettings = {
				ALWAYS_SEARCH_USER_PATHS = NO;
				CLANG_ANALYZER_NONNULL = YES;
				CLANG_CXX_LANGUAGE_STANDARD = "gnu++0x";
				CLANG_CXX_LIBRARY = "libc++";
				CLANG_ENABLE_MODULES = YES;
				CLANG_ENABLE_OBJC_ARC = YES;
				CLANG_WARN_BOOL_CONVERSION = YES;
				CLANG_WARN_CONSTANT_CONVERSION = YES;
				CLANG_WARN_DIRECT_OBJC_ISA_USAGE = YES_ERROR;
				CLANG_WARN_DOCUMENTATION_COMMENTS = YES;
				CLANG_WARN_EMPTY_BODY = YES;
				CLANG_WARN_ENUM_CONVERSION = YES;
				CLANG_WARN_INFINITE_RECURSION = YES;
				CLANG_WARN_INT_CONVERSION = YES;
				CLANG_WARN_OBJC_ROOT_CLASS = YES_ERROR;
				CLANG_WARN_SUSPICIOUS_MOVE = YES;
				CLANG_WARN_SUSPICIOUS_MOVES = YES;
				CLANG_WARN_UNREACHABLE_CODE = YES;
				CLANG_WARN__DUPLICATE_METHOD_MATCH = YES;
				"CODE_SIGN_IDENTITY[sdk=iphoneos*]" = "iPhone Developer";
				COPY_PHASE_STRIP = NO;
				DEBUG_INFORMATION_FORMAT = dwarf;
				ENABLE_STRICT_OBJC_MSGSEND = YES;
				ENABLE_TESTABILITY = YES;
				GCC_C_LANGUAGE_STANDARD = gnu99;
				GCC_DYNAMIC_NO_PIC = NO;
				GCC_NO_COMMON_BLOCKS = YES;
				GCC_OPTIMIZATION_LEVEL = 0;
				GCC_PREPROCESSOR_DEFINITIONS = (
					"DEBUG=1",
					"$(inherited)",
				);
				GCC_WARN_64_TO_32_BIT_CONVERSION = YES;
				GCC_WARN_ABOUT_RETURN_TYPE = YES_ERROR;
				GCC_WARN_UNDECLARED_SELECTOR = YES;
				GCC_WARN_UNINITIALIZED_AUTOS = YES_AGGRESSIVE;
				GCC_WARN_UNUSED_FUNCTION = YES;
				GCC_WARN_UNUSED_VARIABLE = YES;
				IPHONEOS_DEPLOYMENT_TARGET = 10.1;
				MTL_ENABLE_DEBUG_INFO = YES;
				ONLY_ACTIVE_ARCH = YES;
				SDKROOT = iphoneos;
				SWIFT_ACTIVE_COMPILATION_CONDITIONS = DEBUG;
				SWIFT_OPTIMIZATION_LEVEL = "-Onone";
			};
			name = Debug;
		};
		0B414CAA1F58144900A12B28 /* Release */ = {
			isa = XCBuildConfiguration;
			buildSettings = {
				ALWAYS_SEARCH_USER_PATHS = NO;
				CLANG_ANALYZER_NONNULL = YES;
				CLANG_CXX_LANGUAGE_STANDARD = "gnu++0x";
				CLANG_CXX_LIBRARY = "libc++";
				CLANG_ENABLE_MODULES = YES;
				CLANG_ENABLE_OBJC_ARC = YES;
				CLANG_WARN_BOOL_CONVERSION = YES;
				CLANG_WARN_CONSTANT_CONVERSION = YES;
				CLANG_WARN_DIRECT_OBJC_ISA_USAGE = YES_ERROR;
				CLANG_WARN_DOCUMENTATION_COMMENTS = YES;
				CLANG_WARN_EMPTY_BODY = YES;
				CLANG_WARN_ENUM_CONVERSION = YES;
				CLANG_WARN_INFINITE_RECURSION = YES;
				CLANG_WARN_INT_CONVERSION = YES;
				CLANG_WARN_OBJC_ROOT_CLASS = YES_ERROR;
				CLANG_WARN_SUSPICIOUS_MOVE = YES;
				CLANG_WARN_SUSPICIOUS_MOVES = YES;
				CLANG_WARN_UNREACHABLE_CODE = YES;
				CLANG_WARN__DUPLICATE_METHOD_MATCH = YES;
				"CODE_SIGN_IDENTITY[sdk=iphoneos*]" = "iPhone Developer";
				COPY_PHASE_STRIP = NO;
				DEBUG_INFORMATION_FORMAT = "dwarf-with-dsym";
				ENABLE_NS_ASSERTIONS = NO;
				ENABLE_STRICT_OBJC_MSGSEND = YES;
				GCC_C_LANGUAGE_STANDARD = gnu99;
				GCC_NO_COMMON_BLOCKS = YES;
				GCC_WARN_64_TO_32_BIT_CONVERSION = YES;
				GCC_WARN_ABOUT_RETURN_TYPE = YES_ERROR;
				GCC_WARN_UNDECLARED_SELECTOR = YES;
				GCC_WARN_UNINITIALIZED_AUTOS = YES_AGGRESSIVE;
				GCC_WARN_UNUSED_FUNCTION = YES;
				GCC_WARN_UNUSED_VARIABLE = YES;
				IPHONEOS_DEPLOYMENT_TARGET = 10.1;
				MTL_ENABLE_DEBUG_INFO = NO;
				SDKROOT = iphoneos;
				SWIFT_OPTIMIZATION_LEVEL = "-Owholemodule";
				VALIDATE_PRODUCT = YES;
			};
			name = Release;
		};
		0B414CAC1F58144900A12B28 /* Debug */ = {
			isa = XCBuildConfiguration;
			baseConfigurationReference = 3A5609F774A9327CE79286EF /* Pods-wanwan.debug.xcconfig */;
			buildSettings = {
				ASSETCATALOG_COMPILER_APPICON_NAME = AppIcon;
				DEVELOPMENT_TEAM = LX2R37J669;
				INFOPLIST_FILE = wanwan/Info.plist;
				IPHONEOS_DEPLOYMENT_TARGET = 11.0;
				LD_RUNPATH_SEARCH_PATHS = "$(inherited) @executable_path/Frameworks";
				PRODUCT_BUNDLE_IDENTIFIER = waaaaaaa.wanwan;
				PRODUCT_NAME = "$(TARGET_NAME)";
				SWIFT_VERSION = 3.0;
				TARGETED_DEVICE_FAMILY = 1;
			};
			name = Debug;
		};
		0B414CAD1F58144900A12B28 /* Release */ = {
			isa = XCBuildConfiguration;
			baseConfigurationReference = 6EA99B02D6683BB9EE1EC144 /* Pods-wanwan.release.xcconfig */;
			buildSettings = {
				ASSETCATALOG_COMPILER_APPICON_NAME = AppIcon;
				DEVELOPMENT_TEAM = LX2R37J669;
				INFOPLIST_FILE = wanwan/Info.plist;
				IPHONEOS_DEPLOYMENT_TARGET = 11.0;
				LD_RUNPATH_SEARCH_PATHS = "$(inherited) @executable_path/Frameworks";
				PRODUCT_BUNDLE_IDENTIFIER = waaaaaaa.wanwan;
				PRODUCT_NAME = "$(TARGET_NAME)";
				SWIFT_VERSION = 3.0;
				TARGETED_DEVICE_FAMILY = 1;
			};
			name = Release;
		};
/* End XCBuildConfiguration section */

/* Begin XCConfigurationList section */
		0B414C941F58144900A12B28 /* Build configuration list for PBXProject "wanwan" */ = {
			isa = XCConfigurationList;
			buildConfigurations = (
				0B414CA91F58144900A12B28 /* Debug */,
				0B414CAA1F58144900A12B28 /* Release */,
			);
			defaultConfigurationIsVisible = 0;
			defaultConfigurationName = Release;
		};
		0B414CAB1F58144900A12B28 /* Build configuration list for PBXNativeTarget "wanwan" */ = {
			isa = XCConfigurationList;
			buildConfigurations = (
				0B414CAC1F58144900A12B28 /* Debug */,
				0B414CAD1F58144900A12B28 /* Release */,
			);
			defaultConfigurationIsVisible = 0;
			defaultConfigurationName = Release;
		};
/* End XCConfigurationList section */
	};
	rootObject = 0B414C911F58144900A12B28 /* Project object */;
}
